
Microsoft Visual Studio Solution File, Format Version 12.00
# Visual Studio 15
VisualStudioVersion = 15.0.26430.14
MinimumVisualStudioVersion = 10.0.40219.1
Project("{FAE04EC0-301F-11D3-BF4B-00C04F79EFBC}") = "ebook2memrise", "TestApp\ebook2memrise.csproj", "{692DCE95-206A-4BAC-AA9B-A09A7D1B94DA}"
EndProject
Project("{FAE04EC0-301F-11D3-BF4B-00C04F79EFBC}") = "ebook2memrise.web", "ebook2memrise.web\ebook2memrise.web.csproj", "{52A77369-8714-426A-8705-1C8BE19FF162}"
EndProject
Project("{00D1A9C2-B5F0-4AF3-8072-F6C62B433612}") = "ebook2memrise.database", "ebook2memrise.database\ebook2memrise.database.sqlproj", "{93780EA6-5050-4531-8F37-F9BBFA696AE8}"
EndProject
Project("{FAE04EC0-301F-11D3-BF4B-00C04F79EFBC}") = "ebook2memrise.model", "ebook2memrise.model\ebook2memrise.model.csproj", "{ACC20848-4767-4093-BBB2-535D73EDE5AF}"
EndProject
Project("{FAE04EC0-301F-11D3-BF4B-00C04F79EFBC}") = "ebook2memrise.webjob", "ebook2memrise.webjob\ebook2memrise.webjob.csproj", "{CFB91041-C6FE-48E6-BF2A-E108F51C9080}"
EndProject
Global
	GlobalSection(SolutionConfigurationPlatforms) = preSolution
		Azure|Any CPU = Azure|Any CPU
		Local|Any CPU = Local|Any CPU
	EndGlobalSection
	GlobalSection(ProjectConfigurationPlatforms) = postSolution
		{692DCE95-206A-4BAC-AA9B-A09A7D1B94DA}.Azure|Any CPU.ActiveCfg = Azure|Any CPU
		{692DCE95-206A-4BAC-AA9B-A09A7D1B94DA}.Azure|Any CPU.Build.0 = Azure|Any CPU
		{692DCE95-206A-4BAC-AA9B-A09A7D1B94DA}.Local|Any CPU.ActiveCfg = Local|Any CPU
		{692DCE95-206A-4BAC-AA9B-A09A7D1B94DA}.Local|Any CPU.Build.0 = Local|Any CPU
		{52A77369-8714-426A-8705-1C8BE19FF162}.Azure|Any CPU.ActiveCfg = Azure|Any CPU
		{52A77369-8714-426A-8705-1C8BE19FF162}.Azure|Any CPU.Build.0 = Azure|Any CPU
		{52A77369-8714-426A-8705-1C8BE19FF162}.Local|Any CPU.ActiveCfg = Local|Any CPU
		{52A77369-8714-426A-8705-1C8BE19FF162}.Local|Any CPU.Build.0 = Local|Any CPU
		{93780EA6-5050-4531-8F37-F9BBFA696AE8}.Azure|Any CPU.ActiveCfg = Azure|Any CPU
		{93780EA6-5050-4531-8F37-F9BBFA696AE8}.Azure|Any CPU.Build.0 = Azure|Any CPU
		{93780EA6-5050-4531-8F37-F9BBFA696AE8}.Azure|Any CPU.Deploy.0 = Azure|Any CPU
		{93780EA6-5050-4531-8F37-F9BBFA696AE8}.Local|Any CPU.ActiveCfg = Local|Any CPU
		{93780EA6-5050-4531-8F37-F9BBFA696AE8}.Local|Any CPU.Build.0 = Local|Any CPU
		{93780EA6-5050-4531-8F37-F9BBFA696AE8}.Local|Any CPU.Deploy.0 = Local|Any CPU
		{ACC20848-4767-4093-BBB2-535D73EDE5AF}.Azure|Any CPU.ActiveCfg = Azure|Any CPU
		{ACC20848-4767-4093-BBB2-535D73EDE5AF}.Azure|Any CPU.Build.0 = Azure|Any CPU
		{ACC20848-4767-4093-BBB2-535D73EDE5AF}.Local|Any CPU.ActiveCfg = Local|Any CPU
		{ACC20848-4767-4093-BBB2-535D73EDE5AF}.Local|Any CPU.Build.0 = Local|Any CPU
		{CFB91041-C6FE-48E6-BF2A-E108F51C9080}.Azure|Any CPU.ActiveCfg = Azure|Any CPU
		{CFB91041-C6FE-48E6-BF2A-E108F51C9080}.Azure|Any CPU.Build.0 = Azure|Any CPU
		{CFB91041-C6FE-48E6-BF2A-E108F51C9080}.Local|Any CPU.ActiveCfg = Local|Any CPU
		{CFB91041-C6FE-48E6-BF2A-E108F51C9080}.Local|Any CPU.Build.0 = Local|Any CPU
	EndGlobalSection
	GlobalSection(SolutionProperties) = preSolution
		HideSolutionNode = FALSE
	EndGlobalSection
EndGlobal
