
Microsoft Visual Studio Solution File, Format Version 12.00
# Visual Studio 15
VisualStudioVersion = 15.0.26430.14
MinimumVisualStudioVersion = 10.0.40219.1
Project("{FAE04EC0-301F-11D3-BF4B-00C04F79EFBC}") = "ebook2memrise", "TestApp\ebook2memrise.csproj", "{692DCE95-206A-4BAC-AA9B-A09A7D1B94DA}"
EndProject
Project("{FAE04EC0-301F-11D3-BF4B-00C04F79EFBC}") = "ebook2memrise.web", "ebook2memrise.web\ebook2memrise.web.csproj", "{52A77369-8714-426A-8705-1C8BE19FF162}"
EndProject
Project("{FAE04EC0-301F-11D3-BF4B-00C04F79EFBC}") = "ebook2memrise.service", "ebook2memrise.service\ebook2memrise.service.csproj", "{6AE800E9-E606-4904-954E-8DE1E79564E0}"
EndProject
Project("{00D1A9C2-B5F0-4AF3-8072-F6C62B433612}") = "ebook2memrise.database", "ebook2memrise.database\ebook2memrise.database.sqlproj", "{93780EA6-5050-4531-8F37-F9BBFA696AE8}"
EndProject
Project("{FAE04EC0-301F-11D3-BF4B-00C04F79EFBC}") = "ebook2memrise.model", "ebook2memrise.model\ebook2memrise.model.csproj", "{ACC20848-4767-4093-BBB2-535D73EDE5AF}"
EndProject
Global
	GlobalSection(SolutionConfigurationPlatforms) = preSolution
		Debug|Any CPU = Debug|Any CPU
		Release|Any CPU = Release|Any CPU
	EndGlobalSection
	GlobalSection(ProjectConfigurationPlatforms) = postSolution
		{692DCE95-206A-4BAC-AA9B-A09A7D1B94DA}.Debug|Any CPU.ActiveCfg = Debug|Any CPU
		{692DCE95-206A-4BAC-AA9B-A09A7D1B94DA}.Debug|Any CPU.Build.0 = Debug|Any CPU
		{692DCE95-206A-4BAC-AA9B-A09A7D1B94DA}.Release|Any CPU.ActiveCfg = Release|Any CPU
		{692DCE95-206A-4BAC-AA9B-A09A7D1B94DA}.Release|Any CPU.Build.0 = Release|Any CPU
		{52A77369-8714-426A-8705-1C8BE19FF162}.Debug|Any CPU.ActiveCfg = Debug|Any CPU
		{52A77369-8714-426A-8705-1C8BE19FF162}.Debug|Any CPU.Build.0 = Debug|Any CPU
		{52A77369-8714-426A-8705-1C8BE19FF162}.Release|Any CPU.ActiveCfg = Release|Any CPU
		{52A77369-8714-426A-8705-1C8BE19FF162}.Release|Any CPU.Build.0 = Release|Any CPU
		{6AE800E9-E606-4904-954E-8DE1E79564E0}.Debug|Any CPU.ActiveCfg = Debug|Any CPU
		{6AE800E9-E606-4904-954E-8DE1E79564E0}.Debug|Any CPU.Build.0 = Debug|Any CPU
		{6AE800E9-E606-4904-954E-8DE1E79564E0}.Release|Any CPU.ActiveCfg = Release|Any CPU
		{6AE800E9-E606-4904-954E-8DE1E79564E0}.Release|Any CPU.Build.0 = Release|Any CPU
		{93780EA6-5050-4531-8F37-F9BBFA696AE8}.Debug|Any CPU.ActiveCfg = Debug|Any CPU
		{93780EA6-5050-4531-8F37-F9BBFA696AE8}.Debug|Any CPU.Build.0 = Debug|Any CPU
		{93780EA6-5050-4531-8F37-F9BBFA696AE8}.Debug|Any CPU.Deploy.0 = Debug|Any CPU
		{93780EA6-5050-4531-8F37-F9BBFA696AE8}.Release|Any CPU.ActiveCfg = Release|Any CPU
		{93780EA6-5050-4531-8F37-F9BBFA696AE8}.Release|Any CPU.Build.0 = Release|Any CPU
		{93780EA6-5050-4531-8F37-F9BBFA696AE8}.Release|Any CPU.Deploy.0 = Release|Any CPU
		{ACC20848-4767-4093-BBB2-535D73EDE5AF}.Debug|Any CPU.ActiveCfg = Debug|Any CPU
		{ACC20848-4767-4093-BBB2-535D73EDE5AF}.Debug|Any CPU.Build.0 = Debug|Any CPU
		{ACC20848-4767-4093-BBB2-535D73EDE5AF}.Release|Any CPU.ActiveCfg = Release|Any CPU
		{ACC20848-4767-4093-BBB2-535D73EDE5AF}.Release|Any CPU.Build.0 = Release|Any CPU
	EndGlobalSection
	GlobalSection(SolutionProperties) = preSolution
		HideSolutionNode = FALSE
	EndGlobalSection
EndGlobal
